# @generated by Move, please check-in and do not edit manually.

[move]
version = 3
manifest_digest = "51F3582FDE4700083F9080A212E9DC52149C78FF9B0EE54171166265CC819C1D"
deps_digest = "3C4103934B1E040BB6B23F1D610B4EF9F2F1166A50A104EADCF77467C004C600"
dependencies = [
  { id = "DeepBook", name = "DeepBook" },
  { id = "Sui", name = "Sui" },
]

[[move.package]]
id = "DeepBook"
source = { local = "../.sui-repo/crates/sui-framework/packages/deepbook" }

dependencies = [
  { id = "MoveStdlib", name = "MoveStdlib" },
  { id = "Sui", name = "Sui" },
]

[[move.package]]
id = "MoveStdlib"
source = { local = "../.sui-repo/crates/sui-framework/packages/move-stdlib" }

[[move.package]]
id = "Sui"
source = { local = "../.sui-repo/crates/sui-framework/packages/sui-framework" }

dependencies = [
  { id = "MoveStdlib", name = "MoveStdlib" },
]

[move.toolchain-version]
compiler-version = "1.44.2"
edition = "2024.beta"
flavor = "sui"

[env]

[env.testnet]
chain-id = "4c78adac"
original-published-id = "0xffa827a39850a5ef924e1d9927977c9863607ef0217398c173c162334a00a36d"
latest-published-id = "0xffa827a39850a5ef924e1d9927977c9863607ef0217398c173c162334a00a36d"
published-version = "1"
