# @generated by Move, please check-in and do not edit manually.

[move]
version = 3
manifest_digest = "1F14EE13E1EDE2A9A6AEA2E11491AE2333E4E0251DD0A1FF57E5D8AD3042EF66"
deps_digest = "3C4103934B1E040BB6B23F1D610B4EF9F2F1166A50A104EADCF77467C004C600"
dependencies = [
  { id = "Sui", name = "Sui" },
  { id = "usdc", name = "usdc" },
]

[[move.package]]
id = "MoveStdlib"
source = { local = "../.sui-repo/crates/sui-framework/packages/move-stdlib" }

[[move.package]]
id = "Sui"
source = { local = "../.sui-repo/crates/sui-framework/packages/sui-framework" }

dependencies = [
  { id = "MoveStdlib", name = "MoveStdlib" },
]

[[move.package]]
id = "stablecoin"
source = { git = "https://github.com/circlefin/stablecoin-sui.git", rev = "master", subdir = "packages/stablecoin" }

dependencies = [
  { id = "Sui", name = "Sui" },
  { id = "sui_extensions", name = "sui_extensions" },
]

[[move.package]]
id = "sui_extensions"
source = { git = "https://github.com/circlefin/stablecoin-sui.git", rev = "master", subdir = "packages/sui_extensions" }

dependencies = [
  { id = "Sui", name = "Sui" },
]

[[move.package]]
id = "usdc"
source = { git = "https://github.com/circlefin/stablecoin-sui.git", rev = "master", subdir = "packages/usdc" }

dependencies = [
  { id = "Sui", name = "Sui" },
  { id = "stablecoin", name = "stablecoin" },
  { id = "sui_extensions", name = "sui_extensions" },
]

[move.toolchain-version]
compiler-version = "1.44.2"
edition = "2024.beta"
flavor = "sui"

[env]

[env.testnet]
chain-id = "4c78adac"
original-published-id = "0xffa827a39850a5ef924e1d9927977c9863607ef0217398c173c162334a00a36d"
latest-published-id = "0xffa827a39850a5ef924e1d9927977c9863607ef0217398c173c162334a00a36d"
published-version = "1"
